{
  "nodes": {
    "nixpkgs": {
      "locked": {
        "lastModified": 1726755586,
        "narHash": "sha256-PmUr/2GQGvFTIJ6/Tvsins7Q43KTMvMFhvG6oaYK+Wk=",
        "path": "/nix/store/hiasfhl8f5yy88hcfbr3s8s4bm63wsjw-source",
        "rev": "c04d5652cfa9742b1d519688f65d1bbccea9eb7e",
        "type": "path"
      },
      "original": {
        "id": "n",
        "type": "indirect"
      }
    },
    "root": {
      "inputs": {
        "nixpkgs": "nixpkgs"
      }
    }
  },
  "root": "root",
  "version": 7
}
